<?xml version="1.0" encoding="utf-8"?>
<Project ToolsVersion="14.0" xmlns="http://schemas.microsoft.com/developer/msbuild/2003">
  <ItemGroup>
    <ClInclude Include="src\deps\glfw3_2_1\include\GLFW\glfw3.h">
      <Filter>src\deps\glfw3_2_1\include\GLFW</Filter>
    </ClInclude>
    <ClInclude Include="src\deps\glfw3_2_1\include\GLFW\glfw3native.h">
      <Filter>src\deps\glfw3_2_1\include\GLFW</Filter>
    </ClInclude>
    <ClInclude Include="src\deps\glfw3_2_1\src\cocoa_joystick.h">
      <Filter>src\deps\glfw3_2_1\src</Filter>
    </ClInclude>
    <ClInclude Include="src\deps\glfw3_2_1\src\cocoa_platform.h">
      <Filter>src\deps\glfw3_2_1\src</Filter>
    </ClInclude>
    <ClInclude Include="src\deps\glfw3_2_1\src\egl_context.h">
      <Filter>src\deps\glfw3_2_1\src</Filter>
    </ClInclude>
    <ClInclude Include="src\deps\glfw3_2_1\src\glx_context.h">
      <Filter>src\deps\glfw3_2_1\src</Filter>
    </ClInclude>
    <ClInclude Include="src\deps\glfw3_2_1\src\internal.h">
      <Filter>src\deps\glfw3_2_1\src</Filter>
    </ClInclude>
    <ClInclude Include="src\deps\glfw3_2_1\src\linux_joystick.h">
      <Filter>src\deps\glfw3_2_1\src</Filter>
    </ClInclude>
    <ClInclude Include="src\deps\glfw3_2_1\src\mir_platform.h">
      <Filter>src\deps\glfw3_2_1\src</Filter>
    </ClInclude>
    <ClInclude Include="src\deps\glfw3_2_1\src\nsgl_context.h">
      <Filter>src\deps\glfw3_2_1\src</Filter>
    </ClInclude>
    <ClInclude Include="src\deps\glfw3_2_1\src\posix_time.h">
      <Filter>src\deps\glfw3_2_1\src</Filter>
    </ClInclude>
    <ClInclude Include="src\deps\glfw3_2_1\src\posix_tls.h">
      <Filter>src\deps\glfw3_2_1\src</Filter>
    </ClInclude>
    <ClInclude Include="src\deps\glfw3_2_1\src\wgl_context.h">
      <Filter>src\deps\glfw3_2_1\src</Filter>
    </ClInclude>
    <ClInclude Include="src\deps\glfw3_2_1\src\win32_joystick.h">
      <Filter>src\deps\glfw3_2_1\src</Filter>
    </ClInclude>
    <ClInclude Include="src\deps\glfw3_2_1\src\win32_platform.h">
      <Filter>src\deps\glfw3_2_1\src</Filter>
    </ClInclude>
    <ClInclude Include="src\deps\glfw3_2_1\src\wl_platform.h">
      <Filter>src\deps\glfw3_2_1\src</Filter>
    </ClInclude>
    <ClInclude Include="src\deps\glfw3_2_1\src\x11_platform.h">
      <Filter>src\deps\glfw3_2_1\src</Filter>
    </ClInclude>
    <ClInclude Include="src\deps\glfw3_2_1\src\xkb_unicode.h">
      <Filter>src\deps\glfw3_2_1\src</Filter>
    </ClInclude>
    <ClInclude Include="src\deps\glew2_0_0\include\GL\eglew.h">
      <Filter>src\deps\glew2_0_0\include\GL</Filter>
    </ClInclude>
    <ClInclude Include="src\deps\glew2_0_0\include\GL\glew.h">
      <Filter>src\deps\glew2_0_0\include\GL</Filter>
    </ClInclude>
    <ClInclude Include="src\deps\glew2_0_0\include\GL\glxew.h">
      <Filter>src\deps\glew2_0_0\include\GL</Filter>
    </ClInclude>
    <ClInclude Include="src\deps\glew2_0_0\include\GL\wglew.h">
      <Filter>src\deps\glew2_0_0\include\GL</Filter>
    </ClInclude>
    <ClInclude Include="src\deps\chipmunk-7.0.1\include\chipmunk\chipmunk.h">
      <Filter>src\deps\chipmunk-7.0.1\include\chipmunk</Filter>
    </ClInclude>
    <ClInclude Include="src\deps\chipmunk-7.0.1\include\chipmunk\chipmunk_ffi.h">
      <Filter>src\deps\chipmunk-7.0.1\include\chipmunk</Filter>
    </ClInclude>
    <ClInclude Include="src\deps\chipmunk-7.0.1\include\chipmunk\chipmunk_private.h">
      <Filter>src\deps\chipmunk-7.0.1\include\chipmunk</Filter>
    </ClInclude>
    <ClInclude Include="src\deps\chipmunk-7.0.1\include\chipmunk\chipmunk_types.h">
      <Filter>src\deps\chipmunk-7.0.1\include\chipmunk</Filter>
    </ClInclude>
    <ClInclude Include="src\deps\chipmunk-7.0.1\include\chipmunk\chipmunk_unsafe.h">
      <Filter>src\deps\chipmunk-7.0.1\include\chipmunk</Filter>
    </ClInclude>
    <ClInclude Include="src\deps\chipmunk-7.0.1\include\chipmunk\cpArbiter.h">
      <Filter>src\deps\chipmunk-7.0.1\include\chipmunk</Filter>
    </ClInclude>
    <ClInclude Include="src\deps\chipmunk-7.0.1\include\chipmunk\cpBB.h">
      <Filter>src\deps\chipmunk-7.0.1\include\chipmunk</Filter>
    </ClInclude>
    <ClInclude Include="src\deps\chipmunk-7.0.1\include\chipmunk\cpBody.h">
      <Filter>src\deps\chipmunk-7.0.1\include\chipmunk</Filter>
    </ClInclude>
    <ClInclude Include="src\deps\chipmunk-7.0.1\include\chipmunk\cpConstraint.h">
      <Filter>src\deps\chipmunk-7.0.1\include\chipmunk</Filter>
    </ClInclude>
    <ClInclude Include="src\deps\chipmunk-7.0.1\include\chipmunk\cpDampedRotarySpring.h">
      <Filter>src\deps\chipmunk-7.0.1\include\chipmunk</Filter>
    </ClInclude>
    <ClInclude Include="src\deps\chipmunk-7.0.1\include\chipmunk\cpDampedSpring.h">
      <Filter>src\deps\chipmunk-7.0.1\include\chipmunk</Filter>
    </ClInclude>
    <ClInclude Include="src\deps\chipmunk-7.0.1\include\chipmunk\cpGearJoint.h">
      <Filter>src\deps\chipmunk-7.0.1\include\chipmunk</Filter>
    </ClInclude>
    <ClInclude Include="src\deps\chipmunk-7.0.1\include\chipmunk\cpGrooveJoint.h">
      <Filter>src\deps\chipmunk-7.0.1\include\chipmunk</Filter>
    </ClInclude>
    <ClInclude Include="src\deps\chipmunk-7.0.1\include\chipmunk\cpHastySpace.h">
      <Filter>src\deps\chipmunk-7.0.1\include\chipmunk</Filter>
    </ClInclude>
    <ClInclude Include="src\deps\chipmunk-7.0.1\include\chipmunk\cpMarch.h">
      <Filter>src\deps\chipmunk-7.0.1\include\chipmunk</Filter>
    </ClInclude>
    <ClInclude Include="src\deps\chipmunk-7.0.1\include\chipmunk\cpPinJoint.h">
      <Filter>src\deps\chipmunk-7.0.1\include\chipmunk</Filter>
    </ClInclude>
    <ClInclude Include="src\deps\chipmunk-7.0.1\include\chipmunk\cpPivotJoint.h">
      <Filter>src\deps\chipmunk-7.0.1\include\chipmunk</Filter>
    </ClInclude>
    <ClInclude Include="src\deps\chipmunk-7.0.1\include\chipmunk\cpPolyline.h">
      <Filter>src\deps\chipmunk-7.0.1\include\chipmunk</Filter>
    </ClInclude>
    <ClInclude Include="src\deps\chipmunk-7.0.1\include\chipmunk\cpPolyShape.h">
      <Filter>src\deps\chipmunk-7.0.1\include\chipmunk</Filter>
    </ClInclude>
    <ClInclude Include="src\deps\chipmunk-7.0.1\include\chipmunk\cpRatchetJoint.h">
      <Filter>src\deps\chipmunk-7.0.1\include\chipmunk</Filter>
    </ClInclude>
    <ClInclude Include="src\deps\chipmunk-7.0.1\include\chipmunk\cpRobust.h">
      <Filter>src\deps\chipmunk-7.0.1\include\chipmunk</Filter>
    </ClInclude>
    <ClInclude Include="src\deps\chipmunk-7.0.1\include\chipmunk\cpRotaryLimitJoint.h">
      <Filter>src\deps\chipmunk-7.0.1\include\chipmunk</Filter>
    </ClInclude>
    <ClInclude Include="src\deps\chipmunk-7.0.1\include\chipmunk\cpShape.h">
      <Filter>src\deps\chipmunk-7.0.1\include\chipmunk</Filter>
    </ClInclude>
    <ClInclude Include="src\deps\chipmunk-7.0.1\include\chipmunk\cpSimpleMotor.h">
      <Filter>src\deps\chipmunk-7.0.1\include\chipmunk</Filter>
    </ClInclude>
    <ClInclude Include="src\deps\chipmunk-7.0.1\include\chipmunk\cpSlideJoint.h">
      <Filter>src\deps\chipmunk-7.0.1\include\chipmunk</Filter>
    </ClInclude>
    <ClInclude Include="src\deps\chipmunk-7.0.1\include\chipmunk\cpSpace.h">
      <Filter>src\deps\chipmunk-7.0.1\include\chipmunk</Filter>
    </ClInclude>
    <ClInclude Include="src\deps\chipmunk-7.0.1\include\chipmunk\cpSpatialIndex.h">
      <Filter>src\deps\chipmunk-7.0.1\include\chipmunk</Filter>
    </ClInclude>
    <ClInclude Include="src\deps\chipmunk-7.0.1\include\chipmunk\cpTransform.h">
      <Filter>src\deps\chipmunk-7.0.1\include\chipmunk</Filter>
    </ClInclude>
    <ClInclude Include="src\deps\chipmunk-7.0.1\include\chipmunk\cpVect.h">
      <Filter>src\deps\chipmunk-7.0.1\include\chipmunk</Filter>
    </ClInclude>
    <ClInclude Include="src\deps\chipmunk-7.0.1\src\prime.h">
      <Filter>src\deps\chipmunk-7.0.1\src</Filter>
    </ClInclude>
    <ClInclude Include="src\deps\SOIL\src\image_DXT.h">
      <Filter>src\deps\SOIL\src</Filter>
    </ClInclude>
    <ClInclude Include="src\deps\SOIL\src\image_helper.h">
      <Filter>src\deps\SOIL\src</Filter>
    </ClInclude>
    <ClInclude Include="src\deps\SOIL\src\SOIL.h">
      <Filter>src\deps\SOIL\src</Filter>
    </ClInclude>
    <ClInclude Include="src\deps\SOIL\src\stbi_DDS_aug.h">
      <Filter>src\deps\SOIL\src</Filter>
    </ClInclude>
    <ClInclude Include="src\deps\SOIL\src\stbi_DDS_aug_c.h">
      <Filter>src\deps\SOIL\src</Filter>
    </ClInclude>
    <ClInclude Include="src\deps\SOIL\src\stb_image_aug.h">
      <Filter>src\deps\SOIL\src</Filter>
    </ClInclude>
    <ClInclude Include="src\deps\sqlite3\sqlite3.h">
      <Filter>src\deps\sqlite3</Filter>
    </ClInclude>
    <ClInclude Include="src\deps\sqlite3\sqlite3ext.h">
      <Filter>src\deps\sqlite3</Filter>
    </ClInclude>
    <ClInclude Include="include\referenced.h">
      <Filter>include</Filter>
    </ClInclude>
    <ClInclude Include="include\ref_ptr.h">
      <Filter>include</Filter>
    </ClInclude>
    <ClInclude Include="include\types.h">
      <Filter>include</Filter>
    </ClInclude>
    <ClInclude Include="include\Window.h">
      <Filter>include</Filter>
    </ClInclude>
    <ClInclude Include="include\MOMOS\draw.h">
      <Filter>include\MOMOS</Filter>
    </ClInclude>
    <ClInclude Include="include\MOMOS\input.h">
      <Filter>include\MOMOS</Filter>
    </ClInclude>
    <ClInclude Include="include\MOMOS\math.h">
      <Filter>include\MOMOS</Filter>
    </ClInclude>
    <ClInclude Include="include\MOMOS\momos.h">
      <Filter>include\MOMOS</Filter>
    </ClInclude>
    <ClInclude Include="include\MOMOS\resource_manager.h">
      <Filter>include\MOMOS</Filter>
    </ClInclude>
    <ClInclude Include="include\MOMOS\shader.h">
      <Filter>include\MOMOS</Filter>
    </ClInclude>
    <ClInclude Include="include\MOMOS\sprite.h">
      <Filter>include\MOMOS</Filter>
    </ClInclude>
    <ClInclude Include="include\MOMOS\sprite_atlas.h">
      <Filter>include\MOMOS</Filter>
    </ClInclude>
    <ClInclude Include="include\MOMOS\sprite_renderer.h">
      <Filter>include\MOMOS</Filter>
    </ClInclude>
    <ClInclude Include="include\MOMOS\texture.h">
      <Filter>include\MOMOS</Filter>
    </ClInclude>
    <ClInclude Include="include\MOMOS\time.h">
      <Filter>include\MOMOS</Filter>
    </ClInclude>
    <ClInclude Include="include\MOMOS\window.h">
      <Filter>include\MOMOS</Filter>
    </ClInclude>
    <ClInclude Include="include\fontstash\fontstash.h">
      <Filter>include\fontstash</Filter>
    </ClInclude>
    <ClInclude Include="include\fontstash\glfontstash.h">
      <Filter>include\fontstash</Filter>
    </ClInclude>
    <ClInclude Include="include\fontstash\stb_truetype.h">
      <Filter>include\fontstash</Filter>
    </ClInclude>
  </ItemGroup>
  <ItemGroup>
    <ClCompile Include="src\main.cc">
      <Filter>src</Filter>
    </ClCompile>
    <ClCompile Include="src\MOMOS\draw.cc">
      <Filter>src\MOMOS</Filter>
    </ClCompile>
    <ClCompile Include="src\MOMOS\input.cc">
      <Filter>src\MOMOS</Filter>
    </ClCompile>
    <ClCompile Include="src\MOMOS\math.cc">
      <Filter>src\MOMOS</Filter>
    </ClCompile>
    <ClCompile Include="src\MOMOS\resource_manager.cc">
      <Filter>src\MOMOS</Filter>
    </ClCompile>
    <ClCompile Include="src\MOMOS\shader.cc">
      <Filter>src\MOMOS</Filter>
    </ClCompile>
    <ClCompile Include="src\MOMOS\sprite.cc">
      <Filter>src\MOMOS</Filter>
    </ClCompile>
    <ClCompile Include="src\MOMOS\sprite_atlas.cc">
      <Filter>src\MOMOS</Filter>
    </ClCompile>
    <ClCompile Include="src\MOMOS\sprite_renderer.cc">
      <Filter>src\MOMOS</Filter>
    </ClCompile>
    <ClCompile Include="src\MOMOS\texture.cc">
      <Filter>src\MOMOS</Filter>
    </ClCompile>
    <ClCompile Include="src\MOMOS\time.cc">
      <Filter>src\MOMOS</Filter>
    </ClCompile>
    <ClCompile Include="src\MOMOS\window.cc">
      <Filter>src\MOMOS</Filter>
    </ClCompile>
    <ClCompile Include="src\deps\glfw3_2_1\src\cocoa_time.c">
      <Filter>src\deps\glfw3_2_1\src</Filter>
    </ClCompile>
    <ClCompile Include="src\deps\glfw3_2_1\src\context.c">
      <Filter>src\deps\glfw3_2_1\src</Filter>
    </ClCompile>
    <ClCompile Include="src\deps\glfw3_2_1\src\egl_context.c">
      <Filter>src\deps\glfw3_2_1\src</Filter>
    </ClCompile>
    <ClCompile Include="src\deps\glfw3_2_1\src\glx_context.c">
      <Filter>src\deps\glfw3_2_1\src</Filter>
    </ClCompile>
    <ClCompile Include="src\deps\glfw3_2_1\src\init.c">
      <Filter>src\deps\glfw3_2_1\src</Filter>
    </ClCompile>
    <ClCompile Include="src\deps\glfw3_2_1\src\input.c">
      <Filter>src\deps\glfw3_2_1\src</Filter>
    </ClCompile>
    <ClCompile Include="src\deps\glfw3_2_1\src\linux_joystick.c">
      <Filter>src\deps\glfw3_2_1\src</Filter>
    </ClCompile>
    <ClCompile Include="src\deps\glfw3_2_1\src\mir_init.c">
      <Filter>src\deps\glfw3_2_1\src</Filter>
    </ClCompile>
    <ClCompile Include="src\deps\glfw3_2_1\src\mir_monitor.c">
      <Filter>src\deps\glfw3_2_1\src</Filter>
    </ClCompile>
    <ClCompile Include="src\deps\glfw3_2_1\src\mir_window.c">
      <Filter>src\deps\glfw3_2_1\src</Filter>
    </ClCompile>
    <ClCompile Include="src\deps\glfw3_2_1\src\monitor.c">
      <Filter>src\deps\glfw3_2_1\src</Filter>
    </ClCompile>
    <ClCompile Include="src\deps\glfw3_2_1\src\posix_time.c">
      <Filter>src\deps\glfw3_2_1\src</Filter>
    </ClCompile>
    <ClCompile Include="src\deps\glfw3_2_1\src\posix_tls.c">
      <Filter>src\deps\glfw3_2_1\src</Filter>
    </ClCompile>
    <ClCompile Include="src\deps\glfw3_2_1\src\vulkan.c">
      <Filter>src\deps\glfw3_2_1\src</Filter>
    </ClCompile>
    <ClCompile Include="src\deps\glfw3_2_1\src\wgl_context.c">
      <Filter>src\deps\glfw3_2_1\src</Filter>
    </ClCompile>
    <ClCompile Include="src\deps\glfw3_2_1\src\win32_init.c">
      <Filter>src\deps\glfw3_2_1\src</Filter>
    </ClCompile>
    <ClCompile Include="src\deps\glfw3_2_1\src\win32_joystick.c">
      <Filter>src\deps\glfw3_2_1\src</Filter>
    </ClCompile>
    <ClCompile Include="src\deps\glfw3_2_1\src\win32_monitor.c">
      <Filter>src\deps\glfw3_2_1\src</Filter>
    </ClCompile>
    <ClCompile Include="src\deps\glfw3_2_1\src\win32_time.c">
      <Filter>src\deps\glfw3_2_1\src</Filter>
    </ClCompile>
    <ClCompile Include="src\deps\glfw3_2_1\src\win32_tls.c">
      <Filter>src\deps\glfw3_2_1\src</Filter>
    </ClCompile>
    <ClCompile Include="src\deps\glfw3_2_1\src\win32_window.c">
      <Filter>src\deps\glfw3_2_1\src</Filter>
    </ClCompile>
    <ClCompile Include="src\deps\glfw3_2_1\src\window.c">
      <Filter>src\deps\glfw3_2_1\src</Filter>
    </ClCompile>
    <ClCompile Include="src\deps\glfw3_2_1\src\wl_init.c">
      <Filter>src\deps\glfw3_2_1\src</Filter>
    </ClCompile>
    <ClCompile Include="src\deps\glfw3_2_1\src\wl_monitor.c">
      <Filter>src\deps\glfw3_2_1\src</Filter>
    </ClCompile>
    <ClCompile Include="src\deps\glfw3_2_1\src\wl_window.c">
      <Filter>src\deps\glfw3_2_1\src</Filter>
    </ClCompile>
    <ClCompile Include="src\deps\glfw3_2_1\src\x11_init.c">
      <Filter>src\deps\glfw3_2_1\src</Filter>
    </ClCompile>
    <ClCompile Include="src\deps\glfw3_2_1\src\x11_monitor.c">
      <Filter>src\deps\glfw3_2_1\src</Filter>
    </ClCompile>
    <ClCompile Include="src\deps\glfw3_2_1\src\x11_window.c">
      <Filter>src\deps\glfw3_2_1\src</Filter>
    </ClCompile>
    <ClCompile Include="src\deps\glfw3_2_1\src\xkb_unicode.c">
      <Filter>src\deps\glfw3_2_1\src</Filter>
    </ClCompile>
    <ClCompile Include="src\deps\glew2_0_0\src\glew.c">
      <Filter>src\deps\glew2_0_0\src</Filter>
    </ClCompile>
    <ClCompile Include="src\deps\glew2_0_0\src\glewinfo.c">
      <Filter>src\deps\glew2_0_0\src</Filter>
    </ClCompile>
    <ClCompile Include="src\deps\glew2_0_0\src\visualinfo.c">
      <Filter>src\deps\glew2_0_0\src</Filter>
    </ClCompile>
    <ClCompile Include="src\deps\chipmunk-7.0.1\src\chipmunk.c">
      <Filter>src\deps\chipmunk-7.0.1\src</Filter>
    </ClCompile>
    <ClCompile Include="src\deps\chipmunk-7.0.1\src\cpArbiter.c">
      <Filter>src\deps\chipmunk-7.0.1\src</Filter>
    </ClCompile>
    <ClCompile Include="src\deps\chipmunk-7.0.1\src\cpArray.c">
      <Filter>src\deps\chipmunk-7.0.1\src</Filter>
    </ClCompile>
    <ClCompile Include="src\deps\chipmunk-7.0.1\src\cpBBTree.c">
      <Filter>src\deps\chipmunk-7.0.1\src</Filter>
    </ClCompile>
    <ClCompile Include="src\deps\chipmunk-7.0.1\src\cpBody.c">
      <Filter>src\deps\chipmunk-7.0.1\src</Filter>
    </ClCompile>
    <ClCompile Include="src\deps\chipmunk-7.0.1\src\cpCollision.c">
      <Filter>src\deps\chipmunk-7.0.1\src</Filter>
    </ClCompile>
    <ClCompile Include="src\deps\chipmunk-7.0.1\src\cpConstraint.c">
      <Filter>src\deps\chipmunk-7.0.1\src</Filter>
    </ClCompile>
    <ClCompile Include="src\deps\chipmunk-7.0.1\src\cpDampedRotarySpring.c">
      <Filter>src\deps\chipmunk-7.0.1\src</Filter>
    </ClCompile>
    <ClCompile Include="src\deps\chipmunk-7.0.1\src\cpDampedSpring.c">
      <Filter>src\deps\chipmunk-7.0.1\src</Filter>
    </ClCompile>
    <ClCompile Include="src\deps\chipmunk-7.0.1\src\cpGearJoint.c">
      <Filter>src\deps\chipmunk-7.0.1\src</Filter>
    </ClCompile>
    <ClCompile Include="src\deps\chipmunk-7.0.1\src\cpGrooveJoint.c">
      <Filter>src\deps\chipmunk-7.0.1\src</Filter>
    </ClCompile>
    <ClCompile Include="src\deps\chipmunk-7.0.1\src\cpHashSet.c">
      <Filter>src\deps\chipmunk-7.0.1\src</Filter>
    </ClCompile>
    <ClCompile Include="src\deps\chipmunk-7.0.1\src\cpHastySpace.c">
      <Filter>src\deps\chipmunk-7.0.1\src</Filter>
    </ClCompile>
    <ClCompile Include="src\deps\chipmunk-7.0.1\src\cpMarch.c">
      <Filter>src\deps\chipmunk-7.0.1\src</Filter>
    </ClCompile>
    <ClCompile Include="src\deps\chipmunk-7.0.1\src\cpPinJoint.c">
      <Filter>src\deps\chipmunk-7.0.1\src</Filter>
    </ClCompile>
    <ClCompile Include="src\deps\chipmunk-7.0.1\src\cpPivotJoint.c">
      <Filter>src\deps\chipmunk-7.0.1\src</Filter>
    </ClCompile>
    <ClCompile Include="src\deps\chipmunk-7.0.1\src\cpPolyline.c">
      <Filter>src\deps\chipmunk-7.0.1\src</Filter>
    </ClCompile>
    <ClCompile Include="src\deps\chipmunk-7.0.1\src\cpPolyShape.c">
      <Filter>src\deps\chipmunk-7.0.1\src</Filter>
    </ClCompile>
    <ClCompile Include="src\deps\chipmunk-7.0.1\src\cpRatchetJoint.c">
      <Filter>src\deps\chipmunk-7.0.1\src</Filter>
    </ClCompile>
    <ClCompile Include="src\deps\chipmunk-7.0.1\src\cpRobust.c">
      <Filter>src\deps\chipmunk-7.0.1\src</Filter>
    </ClCompile>
    <ClCompile Include="src\deps\chipmunk-7.0.1\src\cpRotaryLimitJoint.c">
      <Filter>src\deps\chipmunk-7.0.1\src</Filter>
    </ClCompile>
    <ClCompile Include="src\deps\chipmunk-7.0.1\src\cpShape.c">
      <Filter>src\deps\chipmunk-7.0.1\src</Filter>
    </ClCompile>
    <ClCompile Include="src\deps\chipmunk-7.0.1\src\cpSimpleMotor.c">
      <Filter>src\deps\chipmunk-7.0.1\src</Filter>
    </ClCompile>
    <ClCompile Include="src\deps\chipmunk-7.0.1\src\cpSlideJoint.c">
      <Filter>src\deps\chipmunk-7.0.1\src</Filter>
    </ClCompile>
    <ClCompile Include="src\deps\chipmunk-7.0.1\src\cpSpace.c">
      <Filter>src\deps\chipmunk-7.0.1\src</Filter>
    </ClCompile>
    <ClCompile Include="src\deps\chipmunk-7.0.1\src\cpSpaceComponent.c">
      <Filter>src\deps\chipmunk-7.0.1\src</Filter>
    </ClCompile>
    <ClCompile Include="src\deps\chipmunk-7.0.1\src\cpSpaceDebug.c">
      <Filter>src\deps\chipmunk-7.0.1\src</Filter>
    </ClCompile>
    <ClCompile Include="src\deps\chipmunk-7.0.1\src\cpSpaceHash.c">
      <Filter>src\deps\chipmunk-7.0.1\src</Filter>
    </ClCompile>
    <ClCompile Include="src\deps\chipmunk-7.0.1\src\cpSpaceQuery.c">
      <Filter>src\deps\chipmunk-7.0.1\src</Filter>
    </ClCompile>
    <ClCompile Include="src\deps\chipmunk-7.0.1\src\cpSpaceStep.c">
      <Filter>src\deps\chipmunk-7.0.1\src</Filter>
    </ClCompile>
    <ClCompile Include="src\deps\chipmunk-7.0.1\src\cpSpatialIndex.c">
      <Filter>src\deps\chipmunk-7.0.1\src</Filter>
    </ClCompile>
    <ClCompile Include="src\deps\chipmunk-7.0.1\src\cpSweep1D.c">
      <Filter>src\deps\chipmunk-7.0.1\src</Filter>
    </ClCompile>
    <ClCompile Include="src\deps\SOIL\src\image_DXT.c">
      <Filter>src\deps\SOIL\src</Filter>
    </ClCompile>
    <ClCompile Include="src\deps\SOIL\src\image_helper.c">
      <Filter>src\deps\SOIL\src</Filter>
    </ClCompile>
    <ClCompile Include="src\deps\SOIL\src\SOIL.c">
      <Filter>src\deps\SOIL\src</Filter>
    </ClCompile>
    <ClCompile Include="src\deps\SOIL\src\stb_image_aug.c">
      <Filter>src\deps\SOIL\src</Filter>
    </ClCompile>
    <ClCompile Include="src\deps\sqlite3\shell.c">
      <Filter>src\deps\sqlite3</Filter>
    </ClCompile>
    <ClCompile Include="src\deps\sqlite3\sqlite3.c">
      <Filter>src\deps\sqlite3</Filter>
    </ClCompile>
    <ClCompile Include="src\MOMOS\audio.cc">
      <Filter>src\MOMOS</Filter>
    </ClCompile>
  </ItemGroup>
  <ItemGroup>
    <Filter Include="src">
      <UniqueIdentifier>{6961a828-b086-410f-9246-662a0a1a43b5}</UniqueIdentifier>
    </Filter>
    <Filter Include="src\MOMOS">
      <UniqueIdentifier>{2f607625-dfaf-4835-9f10-08c160399206}</UniqueIdentifier>
    </Filter>
    <Filter Include="src\deps">
      <UniqueIdentifier>{b77c7d8e-483b-44b3-927b-10552f761fcb}</UniqueIdentifier>
    </Filter>
    <Filter Include="src\deps\glfw3_2_1">
      <UniqueIdentifier>{f2d797bc-ca0b-4997-a575-ad36d11946f7}</UniqueIdentifier>
    </Filter>
    <Filter Include="src\deps\glfw3_2_1\include">
      <UniqueIdentifier>{9201f764-a394-4b6a-bfd8-4cc12f7b7a18}</UniqueIdentifier>
    </Filter>
    <Filter Include="src\deps\glfw3_2_1\include\GLFW">
      <UniqueIdentifier>{b7750dc8-1b25-44c1-b036-4264009685a4}</UniqueIdentifier>
    </Filter>
    <Filter Include="src\deps\glfw3_2_1\src">
      <UniqueIdentifier>{fc18c0be-ac62-4acf-977a-af4cfcf21d9a}</UniqueIdentifier>
    </Filter>
    <Filter Include="src\deps\glew2_0_0">
      <UniqueIdentifier>{20ee26c9-0a64-45b7-bc76-e62f27f5bfee}</UniqueIdentifier>
    </Filter>
    <Filter Include="src\deps\glew2_0_0\include">
      <UniqueIdentifier>{668c74ee-b451-4ae8-88e9-77bf8036683f}</UniqueIdentifier>
    </Filter>
    <Filter Include="src\deps\glew2_0_0\include\GL">
      <UniqueIdentifier>{8e57a452-0474-46c8-b4bc-9fa76fbef7e8}</UniqueIdentifier>
    </Filter>
    <Filter Include="src\deps\glew2_0_0\src">
      <UniqueIdentifier>{6ec50af9-3288-45c9-a3e5-1568f6434121}</UniqueIdentifier>
    </Filter>
    <Filter Include="src\deps\chipmunk-7.0.1">
      <UniqueIdentifier>{2f20ed8e-bf2b-44ac-bc20-9e73b1ce707f}</UniqueIdentifier>
    </Filter>
    <Filter Include="src\deps\chipmunk-7.0.1\include">
      <UniqueIdentifier>{0e89da84-c138-46a2-b2d7-f5e7243f56f8}</UniqueIdentifier>
    </Filter>
    <Filter Include="src\deps\chipmunk-7.0.1\include\chipmunk">
      <UniqueIdentifier>{cf8b2ba9-5d71-4de5-8316-1c9d51f48248}</UniqueIdentifier>
    </Filter>
    <Filter Include="src\deps\chipmunk-7.0.1\src">
      <UniqueIdentifier>{858c3aea-2f65-47cb-b099-31fa3bce67e3}</UniqueIdentifier>
    </Filter>
    <Filter Include="src\deps\SOIL">
      <UniqueIdentifier>{24491ca3-ca1d-4cf2-be12-03244a9771a7}</UniqueIdentifier>
    </Filter>
    <Filter Include="src\deps\SOIL\src">
      <UniqueIdentifier>{6a42ef5f-7430-4545-a8f1-48e3f1eb0c2f}</UniqueIdentifier>
    </Filter>
    <Filter Include="src\deps\sqlite3">
      <UniqueIdentifier>{072b3ec3-3d3d-4ace-b61b-b1412682138c}</UniqueIdentifier>
    </Filter>
    <Filter Include="include">
      <UniqueIdentifier>{a8eb9180-6179-4a41-b266-746749fcf1d8}</UniqueIdentifier>
    </Filter>
    <Filter Include="include\MOMOS">
      <UniqueIdentifier>{91ed827b-b0c9-44cc-bfbf-b53fd410c27d}</UniqueIdentifier>
    </Filter>
    <Filter Include="include\fontstash">
      <UniqueIdentifier>{668d26a6-d6b7-48f9-8eef-5fd981d9a142}</UniqueIdentifier>
    </Filter>
  </ItemGroup>
</Project>